
Microsoft Visual Studio Solution File, Format Version 11.00
# Visual Studio 2010
Project("{FAE04EC0-301F-11D3-BF4B-00C04F79EFBC}") = "FizzBuzz", "FizzBuzz\FizzBuzz.csproj", "{F2D6E886-145E-4396-8465-7F08F2BF6A2D}"
EndProject
Project("{FAE04EC0-301F-11D3-BF4B-00C04F79EFBC}") = "FizzBuzz.Tests", "FizzBuzz.Tests\FizzBuzz.Tests.csproj", "{1F2950FC-44DC-4304-8183-9E2F999D8CA4}"
EndProject
Project("{2150E333-8FDC-42A3-9474-1A3956D46DE8}") = ".nuget", ".nuget", "{BB416A74-4E4D-4F49-998B-A28927686E0C}"
	ProjectSection(SolutionItems) = preProject
		.nuget\packages.config = .nuget\packages.config
	EndProjectSection
EndProject
Project("{2150E333-8FDC-42A3-9474-1A3956D46DE8}") = "Kata1", "Kata1", "{1D9FFF8D-C214-4AB7-9A78-30B569417690}"
EndProject
Project("{2150E333-8FDC-42A3-9474-1A3956D46DE8}") = "Kata2", "Kata2", "{1349390A-3713-4B7E-A542-3DE3EE2B1B65}"
EndProject
Project("{FAE04EC0-301F-11D3-BF4B-00C04F79EFBC}") = "RomanConverter", "RomanConverter\RomanConverter.csproj", "{D422F70A-C97B-4BB4-8052-BE947DE432E3}"
EndProject
Project("{FAE04EC0-301F-11D3-BF4B-00C04F79EFBC}") = "RomanConverter.Tests", "RomanConverter.Tests\RomanConverter.Tests.csproj", "{341D8C95-C941-47E7-B580-4856413371A2}"
EndProject
Project("{2150E333-8FDC-42A3-9474-1A3956D46DE8}") = "HarryPotterStore", "HarryPotterStore", "{A72A724F-69C9-430F-9EB1-B8D778E85F31}"
EndProject
Project("{FAE04EC0-301F-11D3-BF4B-00C04F79EFBC}") = "HarryPotter.DataBase", "HarryPotter.DataBase\HarryPotter.DataBase.csproj", "{C5CE72F4-517F-4AA8-87CB-744F6B0851E6}"
EndProject
Project("{FAE04EC0-301F-11D3-BF4B-00C04F79EFBC}") = "HarryPotter.DataBase.Tests", "HarryPotter.DataBase.Tests\HarryPotter.DataBase.Tests.csproj", "{E14956F1-DE47-446E-A4AC-1EC225D08A69}"
EndProject
Project("{FAE04EC0-301F-11D3-BF4B-00C04F79EFBC}") = "HarryPotter.DataBase.Migrations", "HarryPotter.DataBase.Migrations\HarryPotter.DataBase.Migrations.csproj", "{1EF852CD-E2EA-4F76-8D62-243115C35E45}"
EndProject
Project("{FAE04EC0-301F-11D3-BF4B-00C04F79EFBC}") = "HarryPotter.Domain", "HarryPotter.Domain\HarryPotter.Domain.csproj", "{7AF629B6-A071-45F0-9551-F09A40EF62D4}"
EndProject
Global
	GlobalSection(SolutionConfigurationPlatforms) = preSolution
		Debug|Any CPU = Debug|Any CPU
		Release|Any CPU = Release|Any CPU
	EndGlobalSection
	GlobalSection(ProjectConfigurationPlatforms) = postSolution
		{F2D6E886-145E-4396-8465-7F08F2BF6A2D}.Debug|Any CPU.ActiveCfg = Debug|Any CPU
		{F2D6E886-145E-4396-8465-7F08F2BF6A2D}.Debug|Any CPU.Build.0 = Debug|Any CPU
		{F2D6E886-145E-4396-8465-7F08F2BF6A2D}.Release|Any CPU.ActiveCfg = Release|Any CPU
		{F2D6E886-145E-4396-8465-7F08F2BF6A2D}.Release|Any CPU.Build.0 = Release|Any CPU
		{1F2950FC-44DC-4304-8183-9E2F999D8CA4}.Debug|Any CPU.ActiveCfg = Debug|Any CPU
		{1F2950FC-44DC-4304-8183-9E2F999D8CA4}.Debug|Any CPU.Build.0 = Debug|Any CPU
		{1F2950FC-44DC-4304-8183-9E2F999D8CA4}.Release|Any CPU.ActiveCfg = Release|Any CPU
		{1F2950FC-44DC-4304-8183-9E2F999D8CA4}.Release|Any CPU.Build.0 = Release|Any CPU
		{D422F70A-C97B-4BB4-8052-BE947DE432E3}.Debug|Any CPU.ActiveCfg = Debug|Any CPU
		{D422F70A-C97B-4BB4-8052-BE947DE432E3}.Debug|Any CPU.Build.0 = Debug|Any CPU
		{D422F70A-C97B-4BB4-8052-BE947DE432E3}.Release|Any CPU.ActiveCfg = Release|Any CPU
		{D422F70A-C97B-4BB4-8052-BE947DE432E3}.Release|Any CPU.Build.0 = Release|Any CPU
		{341D8C95-C941-47E7-B580-4856413371A2}.Debug|Any CPU.ActiveCfg = Debug|Any CPU
		{341D8C95-C941-47E7-B580-4856413371A2}.Debug|Any CPU.Build.0 = Debug|Any CPU
		{341D8C95-C941-47E7-B580-4856413371A2}.Release|Any CPU.ActiveCfg = Release|Any CPU
		{341D8C95-C941-47E7-B580-4856413371A2}.Release|Any CPU.Build.0 = Release|Any CPU
		{C5CE72F4-517F-4AA8-87CB-744F6B0851E6}.Debug|Any CPU.ActiveCfg = Debug|Any CPU
		{C5CE72F4-517F-4AA8-87CB-744F6B0851E6}.Debug|Any CPU.Build.0 = Debug|Any CPU
		{C5CE72F4-517F-4AA8-87CB-744F6B0851E6}.Release|Any CPU.ActiveCfg = Release|Any CPU
		{C5CE72F4-517F-4AA8-87CB-744F6B0851E6}.Release|Any CPU.Build.0 = Release|Any CPU
		{E14956F1-DE47-446E-A4AC-1EC225D08A69}.Debug|Any CPU.ActiveCfg = Debug|Any CPU
		{E14956F1-DE47-446E-A4AC-1EC225D08A69}.Debug|Any CPU.Build.0 = Debug|Any CPU
		{E14956F1-DE47-446E-A4AC-1EC225D08A69}.Release|Any CPU.ActiveCfg = Release|Any CPU
		{E14956F1-DE47-446E-A4AC-1EC225D08A69}.Release|Any CPU.Build.0 = Release|Any CPU
		{1EF852CD-E2EA-4F76-8D62-243115C35E45}.Debug|Any CPU.ActiveCfg = Debug|Any CPU
		{1EF852CD-E2EA-4F76-8D62-243115C35E45}.Debug|Any CPU.Build.0 = Debug|Any CPU
		{1EF852CD-E2EA-4F76-8D62-243115C35E45}.Release|Any CPU.ActiveCfg = Release|Any CPU
		{1EF852CD-E2EA-4F76-8D62-243115C35E45}.Release|Any CPU.Build.0 = Release|Any CPU
		{7AF629B6-A071-45F0-9551-F09A40EF62D4}.Debug|Any CPU.ActiveCfg = Debug|Any CPU
		{7AF629B6-A071-45F0-9551-F09A40EF62D4}.Debug|Any CPU.Build.0 = Debug|Any CPU
		{7AF629B6-A071-45F0-9551-F09A40EF62D4}.Release|Any CPU.ActiveCfg = Release|Any CPU
		{7AF629B6-A071-45F0-9551-F09A40EF62D4}.Release|Any CPU.Build.0 = Release|Any CPU
	EndGlobalSection
	GlobalSection(SolutionProperties) = preSolution
		HideSolutionNode = FALSE
	EndGlobalSection
	GlobalSection(NestedProjects) = preSolution
		{1F2950FC-44DC-4304-8183-9E2F999D8CA4} = {1D9FFF8D-C214-4AB7-9A78-30B569417690}
		{F2D6E886-145E-4396-8465-7F08F2BF6A2D} = {1D9FFF8D-C214-4AB7-9A78-30B569417690}
		{D422F70A-C97B-4BB4-8052-BE947DE432E3} = {1349390A-3713-4B7E-A542-3DE3EE2B1B65}
		{341D8C95-C941-47E7-B580-4856413371A2} = {1349390A-3713-4B7E-A542-3DE3EE2B1B65}
		{C5CE72F4-517F-4AA8-87CB-744F6B0851E6} = {A72A724F-69C9-430F-9EB1-B8D778E85F31}
		{E14956F1-DE47-446E-A4AC-1EC225D08A69} = {A72A724F-69C9-430F-9EB1-B8D778E85F31}
		{1EF852CD-E2EA-4F76-8D62-243115C35E45} = {A72A724F-69C9-430F-9EB1-B8D778E85F31}
		{7AF629B6-A071-45F0-9551-F09A40EF62D4} = {A72A724F-69C9-430F-9EB1-B8D778E85F31}
	EndGlobalSection
EndGlobal
